
Microsoft Visual Studio Solution File, Format Version 12.00
# Visual Studio 2012
Project("{FAE04EC0-301F-11D3-BF4B-00C04F79EFBC}") = "NSWindowExtensions", "NSWindowExtensions\NSWindowExtensions.csproj", "{4EA01908-1992-4309-8082-A0C7A16F87A9}"
EndProject
Project("{FAE04EC0-301F-11D3-BF4B-00C04F79EFBC}") = "NSWindowExtensionsSample", "NSWindowExtensionsSample\NSWindowExtensionsSample.csproj", "{2536B213-F5C8-44C5-9898-AE5E8136BD0B}"
EndProject
Global
	GlobalSection(SolutionConfigurationPlatforms) = preSolution
		Debug|Any CPU = Debug|Any CPU
		Release|Any CPU = Release|Any CPU
	EndGlobalSection
	GlobalSection(ProjectConfigurationPlatforms) = postSolution
		{4EA01908-1992-4309-8082-A0C7A16F87A9}.Debug|Any CPU.ActiveCfg = Debug|Any CPU
		{4EA01908-1992-4309-8082-A0C7A16F87A9}.Debug|Any CPU.Build.0 = Debug|Any CPU
		{4EA01908-1992-4309-8082-A0C7A16F87A9}.Release|Any CPU.ActiveCfg = Release|Any CPU
		{4EA01908-1992-4309-8082-A0C7A16F87A9}.Release|Any CPU.Build.0 = Release|Any CPU
		{2536B213-F5C8-44C5-9898-AE5E8136BD0B}.Debug|Any CPU.ActiveCfg = Debug|Any CPU
		{2536B213-F5C8-44C5-9898-AE5E8136BD0B}.Debug|Any CPU.Build.0 = Debug|Any CPU
		{2536B213-F5C8-44C5-9898-AE5E8136BD0B}.Release|Any CPU.ActiveCfg = Release|Any CPU
		{2536B213-F5C8-44C5-9898-AE5E8136BD0B}.Release|Any CPU.Build.0 = Release|Any CPU
	EndGlobalSection
	GlobalSection(MonoDevelopProperties) = preSolution
		version = 
	EndGlobalSection
EndGlobal
